
Microsoft Visual Studio Solution File, Format Version 12.00
# Visual Studio 2012
Project("{FAE04EC0-301F-11D3-BF4B-00C04F79EFBC}") = "Sample", "Sample\Sample.csproj", "{91B13F1E-8379-4FE2-ACE4-125106B31215}"
EndProject
Project("{FAE04EC0-301F-11D3-BF4B-00C04F79EFBC}") = "XamarinTimeLine", "XamarinTimeLine\XamarinTimeLine.csproj", "{417070D9-E184-434C-A676-B486514C1E9A}"
EndProject
Global
	GlobalSection(SolutionConfigurationPlatforms) = preSolution
		Debug|Any CPU = Debug|Any CPU
		Release|Any CPU = Release|Any CPU
	EndGlobalSection
	GlobalSection(ProjectConfigurationPlatforms) = postSolution
		{91B13F1E-8379-4FE2-ACE4-125106B31215}.Debug|Any CPU.ActiveCfg = Debug|Any CPU
		{91B13F1E-8379-4FE2-ACE4-125106B31215}.Debug|Any CPU.Build.0 = Debug|Any CPU
		{91B13F1E-8379-4FE2-ACE4-125106B31215}.Debug|Any CPU.Deploy.0 = Debug|Any CPU
		{91B13F1E-8379-4FE2-ACE4-125106B31215}.Release|Any CPU.ActiveCfg = Release|Any CPU
		{91B13F1E-8379-4FE2-ACE4-125106B31215}.Release|Any CPU.Build.0 = Release|Any CPU
		{91B13F1E-8379-4FE2-ACE4-125106B31215}.Release|Any CPU.Deploy.0 = Release|Any CPU
		{417070D9-E184-434C-A676-B486514C1E9A}.Debug|Any CPU.ActiveCfg = Debug|Any CPU
		{417070D9-E184-434C-A676-B486514C1E9A}.Debug|Any CPU.Build.0 = Debug|Any CPU
		{417070D9-E184-434C-A676-B486514C1E9A}.Release|Any CPU.ActiveCfg = Release|Any CPU
		{417070D9-E184-434C-A676-B486514C1E9A}.Release|Any CPU.Build.0 = Release|Any CPU
	EndGlobalSection
	GlobalSection(SolutionProperties) = preSolution
		HideSolutionNode = FALSE
	EndGlobalSection
EndGlobal
